{
    "_readme": [
        "This file locks the dependencies of your project to a known state",
        "Read more about it at https://getcomposer.org/doc/01-basic-usage.md#installing-dependencies",
        "This file is @generated automatically"
    ],
    "content-hash": "1eb60a52c1291531abad5ac31b408180",
    "packages": [
        {
            "name": "rundiz/image",
            "version": "dev-master",
            "source": {
                "type": "git",
                "url": "https://github.com/Rundiz/image.git",
                "reference": "7a9460ede33f2c6c112dcfac3cb38c0e027dc94a"
            },
            "dist": {
                "type": "zip",
                "url": "https://api.github.com/repos/Rundiz/image/zipball/7a9460ede33f2c6c112dcfac3cb38c0e027dc94a",
                "reference": "7a9460ede33f2c6c112dcfac3cb38c0e027dc94a",
                "shasum": ""
            },
            "require": {
                "php": ">=5.3.0"
            },
            "type": "library",
            "autoload": {
                "psr-4": {
                    "Rundiz\\Image\\": "Rundiz/Image"
                }
            },
            "notification-url": "https://packagist.org/downloads/",
            "license": [
                "MIT"
            ],
            "authors": [
                {
                    "name": "Vee W.",
                    "email": "kawewong@gmail.com",
                    "homepage": "http://rundiz.com",
                    "role": "Developer"
                }
            ],
            "description": "Image manipulation use GD or Imagick as drivers. It support watermark image or text, resize, crop, rotate, transparency gif or png and also support animation gif (Imagick only).",
            "keywords": [
                "animated gif",
                "animation",
                "crop image",
                "image",
                "resize image",
                "rotate image",
                "thumbnail",
                "transparency image",
                "watermark"
            ],
            "time": "2019-01-10T16:52:53+00:00"
        },
        {
            "name": "sybio/gif-creator",
            "version": "dev-master",
            "source": {
                "type": "git",
                "url": "https://github.com/Sybio/GifCreator.git",
                "reference": "250fc2f705181693c6c40b3d569d62353164bcbf"
            },
            "dist": {
                "type": "zip",
                "url": "https://api.github.com/repos/Sybio/GifCreator/zipball/250fc2f705181693c6c40b3d569d62353164bcbf",
                "reference": "250fc2f705181693c6c40b3d569d62353164bcbf",
                "shasum": ""
            },
            "require": {
                "php": ">=5.3.0"
            },
            "type": "library",
            "autoload": {
                "psr-0": {
                    "GifCreator": "src"
                }
            },
            "notification-url": "https://packagist.org/downloads/",
            "license": [
                "MIT"
            ],
            "authors": [
                {
                    "name": "Clément Guillemain",
                    "homepage": "http://clementguillemain.fr",
                    "role": "Developer / Freelancer"
                }
            ],
            "description": "PHP class that creates animated GIF from multiple images",
            "homepage": "https://github.com/Sybio/GifCreator",
            "keywords": [
                "animated",
                "creation",
                "encode",
                "gif",
                "php"
            ],
            "time": "2012-10-13T09:04:46+00:00"
        },
        {
            "name": "sybio/gif-frame-extractor",
            "version": "dev-master",
            "source": {
                "type": "git",
                "url": "https://github.com/Sybio/GifFrameExtractor.git",
                "reference": "13e9880add3ae9cca10a48a0a3897fe3d0069f71"
            },
            "dist": {
                "type": "zip",
                "url": "https://api.github.com/repos/Sybio/GifFrameExtractor/zipball/13e9880add3ae9cca10a48a0a3897fe3d0069f71",
                "reference": "13e9880add3ae9cca10a48a0a3897fe3d0069f71",
                "shasum": ""
            },
            "require": {
                "php": ">=5.3.0"
            },
            "type": "library",
            "autoload": {
                "psr-0": {
                    "GifFrameExtractor": "src"
                }
            },
            "notification-url": "https://packagist.org/downloads/",
            "license": [
                "MIT"
            ],
            "authors": [
                {
                    "name": "Clément Guillemain",
                    "homepage": "http://clementguillemain.fr",
                    "role": "Developer / Freelancer"
                }
            ],
            "description": "PHP class that separates all the frames (and their duration) of an animated GIF",
            "homepage": "https://github.com/Sybio/GifFrameExtractor",
            "keywords": [
                "animated",
                "duration",
                "frame",
                "gif",
                "php",
                "separate",
                "time"
            ],
            "time": "2012-10-13T09:06:51+00:00"
        }
    ],
    "packages-dev": [],
    "aliases": [],
    "minimum-stability": "dev",
    "stability-flags": {
        "rundiz/image": 20,
        "sybio/gif-frame-extractor": 20,
        "sybio/gif-creator": 20
    },
    "prefer-stable": false,
    "prefer-lowest": false,
    "platform": [],
    "platform-dev": []
}
